{
  "name": "@team-follow-up-ai/funnel-builder-ui-public",
  "version": "1.0.0",
  "lockfileVersion": 3,
  "requires": true,
  "packages": {
    "": {
      "name": "@team-follow-up-ai/funnel-builder-ui-public",
      "version": "1.0.0",
      "engines": {
        "node": ">=20.0.0"
      }
    }
  }
}
